
Microsoft Visual Studio Solution File, Format Version 12.00
# Visual Studio Version 17
VisualStudioVersion = 17.14.36518.9 d17.14
MinimumVisualStudioVersion = 10.0.40219.1
Project("{FAE04EC0-301F-11D3-BF4B-00C04F79EFBC}") = "FilaDeEsperaDigital", "FilaDeEsperaDigital\FilaDeEsperaDigital.csproj", "{7EAC9725-09CC-464B-8F21-E90FDF56A2B8}"
EndProject
Global
	GlobalSection(SolutionConfigurationPlatforms) = preSolution
		Debug|Any CPU = Debug|Any CPU
		Release|Any CPU = Release|Any CPU
	EndGlobalSection
	GlobalSection(ProjectConfigurationPlatforms) = postSolution
		{7EAC9725-09CC-464B-8F21-E90FDF56A2B8}.Debug|Any CPU.ActiveCfg = Debug|Any CPU
		{7EAC9725-09CC-464B-8F21-E90FDF56A2B8}.Debug|Any CPU.Build.0 = Debug|Any CPU
		{7EAC9725-09CC-464B-8F21-E90FDF56A2B8}.Debug|Any CPU.Deploy.0 = Debug|Any CPU
		{7EAC9725-09CC-464B-8F21-E90FDF56A2B8}.Release|Any CPU.ActiveCfg = Release|Any CPU
		{7EAC9725-09CC-464B-8F21-E90FDF56A2B8}.Release|Any CPU.Build.0 = Release|Any CPU
		{7EAC9725-09CC-464B-8F21-E90FDF56A2B8}.Release|Any CPU.Deploy.0 = Release|Any CPU
	EndGlobalSection
	GlobalSection(SolutionProperties) = preSolution
		HideSolutionNode = FALSE
	EndGlobalSection
	GlobalSection(ExtensibilityGlobals) = postSolution
		SolutionGuid = {17968E89-6D22-4DD0-BF5E-91A44BB99774}
	EndGlobalSection
EndGlobal
